
Microsoft Visual Studio Solution File, Format Version 12.00
# Visual Studio Version 17
VisualStudioVersion = 17.0.31903.59
MinimumVisualStudioVersion = 10.0.40219.1
Project("{9A19103F-16F7-4668-BE54-9A1E7A4F7556}") = "ScooterRental", "Tests\ScooterRental\ScooterRental.csproj", "{E7042516-8D56-4C73-9C0F-19A6CF3C7A2B}"
EndProject
Project("{9A19103F-16F7-4668-BE54-9A1E7A4F7556}") = "ScooterRental.Tests", "Tests\ScooterRental.Tests\ScooterRental.Tests.csproj", "{235287BC-78A2-4EA8-94D3-C1BB94166132}"
EndProject
Project("{9A19103F-16F7-4668-BE54-9A1E7A4F7556}") = "Exercise6Tests.Tests", "Tests\Exercise6Tests\Exercise6Tests.Tests.csproj", "{AB6B0EC5-D425-4D2A-A69A-A08127919235}"
EndProject
Project("{9A19103F-16F7-4668-BE54-9A1E7A4F7556}") = "Exercise6", "Tests\Exercise6\Exercise6.csproj", "{5C088F87-12C9-41E5-AB9C-EA38309290E2}"
EndProject
Project("{9A19103F-16F7-4668-BE54-9A1E7A4F7556}") = "Exercise7", "Tests\Exercise7\Exercise7.csproj", "{49B0FE9A-AC50-4958-90D9-9CFA366D25E2}"
EndProject
Project("{9A19103F-16F7-4668-BE54-9A1E7A4F7556}") = "Exercise7.Tests", "Tests\Exercise7.Tests\Exercise7.Tests.csproj", "{0351A469-B184-4F26-A888-F6FA73A4F9AD}"
EndProject
Global
	GlobalSection(SolutionConfigurationPlatforms) = preSolution
		Debug|Any CPU = Debug|Any CPU
		Release|Any CPU = Release|Any CPU
	EndGlobalSection
	GlobalSection(ProjectConfigurationPlatforms) = postSolution
		{E7042516-8D56-4C73-9C0F-19A6CF3C7A2B}.Debug|Any CPU.ActiveCfg = Debug|Any CPU
		{E7042516-8D56-4C73-9C0F-19A6CF3C7A2B}.Debug|Any CPU.Build.0 = Debug|Any CPU
		{E7042516-8D56-4C73-9C0F-19A6CF3C7A2B}.Release|Any CPU.ActiveCfg = Release|Any CPU
		{E7042516-8D56-4C73-9C0F-19A6CF3C7A2B}.Release|Any CPU.Build.0 = Release|Any CPU
		{235287BC-78A2-4EA8-94D3-C1BB94166132}.Debug|Any CPU.ActiveCfg = Debug|Any CPU
		{235287BC-78A2-4EA8-94D3-C1BB94166132}.Debug|Any CPU.Build.0 = Debug|Any CPU
		{235287BC-78A2-4EA8-94D3-C1BB94166132}.Release|Any CPU.ActiveCfg = Release|Any CPU
		{235287BC-78A2-4EA8-94D3-C1BB94166132}.Release|Any CPU.Build.0 = Release|Any CPU
		{AB6B0EC5-D425-4D2A-A69A-A08127919235}.Debug|Any CPU.ActiveCfg = Debug|Any CPU
		{AB6B0EC5-D425-4D2A-A69A-A08127919235}.Debug|Any CPU.Build.0 = Debug|Any CPU
		{AB6B0EC5-D425-4D2A-A69A-A08127919235}.Release|Any CPU.ActiveCfg = Release|Any CPU
		{AB6B0EC5-D425-4D2A-A69A-A08127919235}.Release|Any CPU.Build.0 = Release|Any CPU
		{5C088F87-12C9-41E5-AB9C-EA38309290E2}.Debug|Any CPU.ActiveCfg = Debug|Any CPU
		{5C088F87-12C9-41E5-AB9C-EA38309290E2}.Debug|Any CPU.Build.0 = Debug|Any CPU
		{5C088F87-12C9-41E5-AB9C-EA38309290E2}.Release|Any CPU.ActiveCfg = Release|Any CPU
		{5C088F87-12C9-41E5-AB9C-EA38309290E2}.Release|Any CPU.Build.0 = Release|Any CPU
		{49B0FE9A-AC50-4958-90D9-9CFA366D25E2}.Debug|Any CPU.ActiveCfg = Debug|Any CPU
		{49B0FE9A-AC50-4958-90D9-9CFA366D25E2}.Debug|Any CPU.Build.0 = Debug|Any CPU
		{49B0FE9A-AC50-4958-90D9-9CFA366D25E2}.Release|Any CPU.ActiveCfg = Release|Any CPU
		{49B0FE9A-AC50-4958-90D9-9CFA366D25E2}.Release|Any CPU.Build.0 = Release|Any CPU
		{0351A469-B184-4F26-A888-F6FA73A4F9AD}.Debug|Any CPU.ActiveCfg = Debug|Any CPU
		{0351A469-B184-4F26-A888-F6FA73A4F9AD}.Debug|Any CPU.Build.0 = Debug|Any CPU
		{0351A469-B184-4F26-A888-F6FA73A4F9AD}.Release|Any CPU.ActiveCfg = Release|Any CPU
		{0351A469-B184-4F26-A888-F6FA73A4F9AD}.Release|Any CPU.Build.0 = Release|Any CPU
	EndGlobalSection
	GlobalSection(SolutionProperties) = preSolution
		HideSolutionNode = FALSE
	EndGlobalSection
	GlobalSection(ExtensibilityGlobals) = postSolution
		SolutionGuid = {49DCC65E-36E5-4DB8-B300-9276EE5F84CC}
	EndGlobalSection
EndGlobal
