
Microsoft Visual Studio Solution File, Format Version 12.00
# Visual Studio Version 17
VisualStudioVersion = 17.6.33829.357
MinimumVisualStudioVersion = 10.0.40219.1
Project("{9A19103F-16F7-4668-BE54-9A1E7A4F7556}") = "Exercise6", "Exercise6\Exercise6.csproj", "{DE658E64-75FE-4A1F-B2C0-0B9102261D9B}"
EndProject
Project("{9A19103F-16F7-4668-BE54-9A1E7A4F7556}") = "Exercise6Tests.Tests", "Exercise6Tests\Exercise6Tests.Tests.csproj", "{4E9B24BC-2DF6-4C39-9AF2-2EC971ED69AE}"
EndProject
Project("{9A19103F-16F7-4668-BE54-9A1E7A4F7556}") = "ScooterRental", "ScooterRental\ScooterRental.csproj", "{71AC9A41-59CC-42EA-B451-D1E4CEA019A5}"
EndProject
Project("{9A19103F-16F7-4668-BE54-9A1E7A4F7556}") = "ScooterRental.Tests", "ScooterRental.Tests\ScooterRental.Tests.csproj", "{62113A6C-E710-48B1-9B68-0208E3BE9151}"
EndProject
Project("{9A19103F-16F7-4668-BE54-9A1E7A4F7556}") = "Exercise7", "Excerise7\Exercise7.csproj", "{748829F6-3383-4001-A9DF-2028C99A8550}"
EndProject
Project("{FAE04EC0-301F-11D3-BF4B-00C04F79EFBC}") = "Exercise7.Tests", "Exercise7.Tests\Exercise7.Tests.csproj", "{C4B7B0E4-F317-416C-9843-4205D9AADC45}"
EndProject
Global
	GlobalSection(SolutionConfigurationPlatforms) = preSolution
		Debug|Any CPU = Debug|Any CPU
		Release|Any CPU = Release|Any CPU
	EndGlobalSection
	GlobalSection(ProjectConfigurationPlatforms) = postSolution
		{DE658E64-75FE-4A1F-B2C0-0B9102261D9B}.Debug|Any CPU.ActiveCfg = Debug|Any CPU
		{DE658E64-75FE-4A1F-B2C0-0B9102261D9B}.Debug|Any CPU.Build.0 = Debug|Any CPU
		{DE658E64-75FE-4A1F-B2C0-0B9102261D9B}.Release|Any CPU.ActiveCfg = Release|Any CPU
		{DE658E64-75FE-4A1F-B2C0-0B9102261D9B}.Release|Any CPU.Build.0 = Release|Any CPU
		{4E9B24BC-2DF6-4C39-9AF2-2EC971ED69AE}.Debug|Any CPU.ActiveCfg = Debug|Any CPU
		{4E9B24BC-2DF6-4C39-9AF2-2EC971ED69AE}.Debug|Any CPU.Build.0 = Debug|Any CPU
		{4E9B24BC-2DF6-4C39-9AF2-2EC971ED69AE}.Release|Any CPU.ActiveCfg = Release|Any CPU
		{4E9B24BC-2DF6-4C39-9AF2-2EC971ED69AE}.Release|Any CPU.Build.0 = Release|Any CPU
		{71AC9A41-59CC-42EA-B451-D1E4CEA019A5}.Debug|Any CPU.ActiveCfg = Debug|Any CPU
		{71AC9A41-59CC-42EA-B451-D1E4CEA019A5}.Debug|Any CPU.Build.0 = Debug|Any CPU
		{71AC9A41-59CC-42EA-B451-D1E4CEA019A5}.Release|Any CPU.ActiveCfg = Release|Any CPU
		{71AC9A41-59CC-42EA-B451-D1E4CEA019A5}.Release|Any CPU.Build.0 = Release|Any CPU
		{62113A6C-E710-48B1-9B68-0208E3BE9151}.Debug|Any CPU.ActiveCfg = Debug|Any CPU
		{62113A6C-E710-48B1-9B68-0208E3BE9151}.Debug|Any CPU.Build.0 = Debug|Any CPU
		{62113A6C-E710-48B1-9B68-0208E3BE9151}.Release|Any CPU.ActiveCfg = Release|Any CPU
		{62113A6C-E710-48B1-9B68-0208E3BE9151}.Release|Any CPU.Build.0 = Release|Any CPU
		{748829F6-3383-4001-A9DF-2028C99A8550}.Debug|Any CPU.ActiveCfg = Debug|Any CPU
		{748829F6-3383-4001-A9DF-2028C99A8550}.Debug|Any CPU.Build.0 = Debug|Any CPU
		{748829F6-3383-4001-A9DF-2028C99A8550}.Release|Any CPU.ActiveCfg = Release|Any CPU
		{748829F6-3383-4001-A9DF-2028C99A8550}.Release|Any CPU.Build.0 = Release|Any CPU
		{C4B7B0E4-F317-416C-9843-4205D9AADC45}.Debug|Any CPU.ActiveCfg = Debug|Any CPU
		{C4B7B0E4-F317-416C-9843-4205D9AADC45}.Debug|Any CPU.Build.0 = Debug|Any CPU
		{C4B7B0E4-F317-416C-9843-4205D9AADC45}.Release|Any CPU.ActiveCfg = Release|Any CPU
		{C4B7B0E4-F317-416C-9843-4205D9AADC45}.Release|Any CPU.Build.0 = Release|Any CPU
	EndGlobalSection
	GlobalSection(SolutionProperties) = preSolution
		HideSolutionNode = FALSE
	EndGlobalSection
	GlobalSection(ExtensibilityGlobals) = postSolution
		SolutionGuid = {76A52935-6D7F-47E8-9F19-D6068CF77AB4}
	EndGlobalSection
EndGlobal
